
Microsoft Visual Studio Solution File, Format Version 12.00
# Visual Studio 15
VisualStudioVersion = 15.0.28307.421
MinimumVisualStudioVersion = 10.0.40219.1
Project("{FAE04EC0-301F-11D3-BF4B-00C04F79EFBC}") = "Heads or Tails", "Heads or Tails\Heads or Tails.csproj", "{240C24B8-085D-4D21-93D6-BB2F4D908146}"
EndProject
Global
	GlobalSection(SolutionConfigurationPlatforms) = preSolution
		Debug|Any CPU = Debug|Any CPU
		Release|Any CPU = Release|Any CPU
	EndGlobalSection
	GlobalSection(ProjectConfigurationPlatforms) = postSolution
		{240C24B8-085D-4D21-93D6-BB2F4D908146}.Debug|Any CPU.ActiveCfg = Debug|Any CPU
		{240C24B8-085D-4D21-93D6-BB2F4D908146}.Debug|Any CPU.Build.0 = Debug|Any CPU
		{240C24B8-085D-4D21-93D6-BB2F4D908146}.Release|Any CPU.ActiveCfg = Release|Any CPU
		{240C24B8-085D-4D21-93D6-BB2F4D908146}.Release|Any CPU.Build.0 = Release|Any CPU
	EndGlobalSection
	GlobalSection(SolutionProperties) = preSolution
		HideSolutionNode = FALSE
	EndGlobalSection
	GlobalSection(ExtensibilityGlobals) = postSolution
		SolutionGuid = {443FB40A-6130-4E0C-9D2A-5E74282AB7F1}
	EndGlobalSection
EndGlobal
